
Microsoft Visual Studio Solution File, Format Version 12.00
# Visual Studio 15
VisualStudioVersion = 15.0.26430.16
MinimumVisualStudioVersion = 10.0.40219.1
Project("{FAE04EC0-301F-11D3-BF4B-00C04F79EFBC}") = "SampleDrag.Android", "SampleDrag\SampleDrag.Android\SampleDrag.Android.csproj", "{DDDD6ED5-2282-450D-AF69-47135441EA9F}"
EndProject
Project("{FAE04EC0-301F-11D3-BF4B-00C04F79EFBC}") = "SampleDrag", "SampleDrag\SampleDrag\SampleDrag.csproj", "{8FEEED6A-E7F1-457D-A97C-45626F7A52BB}"
EndProject
Project("{FAE04EC0-301F-11D3-BF4B-00C04F79EFBC}") = "SampleDrag.UWP", "SampleDrag\SampleDrag.UWP\SampleDrag.UWP.csproj", "{EBFF1BC5-EE05-48EA-B559-B72D37E0C85E}"
EndProject
Project("{FAE04EC0-301F-11D3-BF4B-00C04F79EFBC}") = "SampleDrag.iOS", "SampleDrag\SampleDrag.iOS\SampleDrag.iOS.csproj", "{0B929DB7-FB0C-4A53-989A-9E7480B70188}"
EndProject
Project("{FAE04EC0-301F-11D3-BF4B-00C04F79EFBC}") = "DragPlugin", "DragPlugin\DragPlugin.csproj", "{67F9D3A8-F71E-4428-913F-C37AE82CDB24}"
EndProject
Global
	GlobalSection(SolutionConfigurationPlatforms) = preSolution
		Ad-Hoc|Any CPU = Ad-Hoc|Any CPU
		Ad-Hoc|ARM = Ad-Hoc|ARM
		Ad-Hoc|iPhone = Ad-Hoc|iPhone
		Ad-Hoc|iPhoneSimulator = Ad-Hoc|iPhoneSimulator
		Ad-Hoc|x64 = Ad-Hoc|x64
		Ad-Hoc|x86 = Ad-Hoc|x86
		AppStore|Any CPU = AppStore|Any CPU
		AppStore|ARM = AppStore|ARM
		AppStore|iPhone = AppStore|iPhone
		AppStore|iPhoneSimulator = AppStore|iPhoneSimulator
		AppStore|x64 = AppStore|x64
		AppStore|x86 = AppStore|x86
		Debug|Any CPU = Debug|Any CPU
		Debug|ARM = Debug|ARM
		Debug|iPhone = Debug|iPhone
		Debug|iPhoneSimulator = Debug|iPhoneSimulator
		Debug|x64 = Debug|x64
		Debug|x86 = Debug|x86
		Release|Any CPU = Release|Any CPU
		Release|ARM = Release|ARM
		Release|iPhone = Release|iPhone
		Release|iPhoneSimulator = Release|iPhoneSimulator
		Release|x64 = Release|x64
		Release|x86 = Release|x86
	EndGlobalSection
	GlobalSection(ProjectConfigurationPlatforms) = postSolution
		{DDDD6ED5-2282-450D-AF69-47135441EA9F}.Ad-Hoc|Any CPU.ActiveCfg = Release|Any CPU
		{DDDD6ED5-2282-450D-AF69-47135441EA9F}.Ad-Hoc|Any CPU.Build.0 = Release|Any CPU
		{DDDD6ED5-2282-450D-AF69-47135441EA9F}.Ad-Hoc|Any CPU.Deploy.0 = Release|Any CPU
		{DDDD6ED5-2282-450D-AF69-47135441EA9F}.Ad-Hoc|ARM.ActiveCfg = Release|Any CPU
		{DDDD6ED5-2282-450D-AF69-47135441EA9F}.Ad-Hoc|ARM.Build.0 = Release|Any CPU
		{DDDD6ED5-2282-450D-AF69-47135441EA9F}.Ad-Hoc|ARM.Deploy.0 = Release|Any CPU
		{DDDD6ED5-2282-450D-AF69-47135441EA9F}.Ad-Hoc|iPhone.ActiveCfg = Release|Any CPU
		{DDDD6ED5-2282-450D-AF69-47135441EA9F}.Ad-Hoc|iPhone.Build.0 = Release|Any CPU
		{DDDD6ED5-2282-450D-AF69-47135441EA9F}.Ad-Hoc|iPhone.Deploy.0 = Release|Any CPU
		{DDDD6ED5-2282-450D-AF69-47135441EA9F}.Ad-Hoc|iPhoneSimulator.ActiveCfg = Release|Any CPU
		{DDDD6ED5-2282-450D-AF69-47135441EA9F}.Ad-Hoc|iPhoneSimulator.Build.0 = Release|Any CPU
		{DDDD6ED5-2282-450D-AF69-47135441EA9F}.Ad-Hoc|iPhoneSimulator.Deploy.0 = Release|Any CPU
		{DDDD6ED5-2282-450D-AF69-47135441EA9F}.Ad-Hoc|x64.ActiveCfg = Release|Any CPU
		{DDDD6ED5-2282-450D-AF69-47135441EA9F}.Ad-Hoc|x64.Build.0 = Release|Any CPU
		{DDDD6ED5-2282-450D-AF69-47135441EA9F}.Ad-Hoc|x64.Deploy.0 = Release|Any CPU
		{DDDD6ED5-2282-450D-AF69-47135441EA9F}.Ad-Hoc|x86.ActiveCfg = Release|Any CPU
		{DDDD6ED5-2282-450D-AF69-47135441EA9F}.Ad-Hoc|x86.Build.0 = Release|Any CPU
		{DDDD6ED5-2282-450D-AF69-47135441EA9F}.Ad-Hoc|x86.Deploy.0 = Release|Any CPU
		{DDDD6ED5-2282-450D-AF69-47135441EA9F}.AppStore|Any CPU.ActiveCfg = Release|Any CPU
		{DDDD6ED5-2282-450D-AF69-47135441EA9F}.AppStore|Any CPU.Build.0 = Release|Any CPU
		{DDDD6ED5-2282-450D-AF69-47135441EA9F}.AppStore|Any CPU.Deploy.0 = Release|Any CPU
		{DDDD6ED5-2282-450D-AF69-47135441EA9F}.AppStore|ARM.ActiveCfg = Release|Any CPU
		{DDDD6ED5-2282-450D-AF69-47135441EA9F}.AppStore|ARM.Build.0 = Release|Any CPU
		{DDDD6ED5-2282-450D-AF69-47135441EA9F}.AppStore|ARM.Deploy.0 = Release|Any CPU
		{DDDD6ED5-2282-450D-AF69-47135441EA9F}.AppStore|iPhone.ActiveCfg = Release|Any CPU
		{DDDD6ED5-2282-450D-AF69-47135441EA9F}.AppStore|iPhone.Build.0 = Release|Any CPU
		{DDDD6ED5-2282-450D-AF69-47135441EA9F}.AppStore|iPhone.Deploy.0 = Release|Any CPU
		{DDDD6ED5-2282-450D-AF69-47135441EA9F}.AppStore|iPhoneSimulator.ActiveCfg = Release|Any CPU
		{DDDD6ED5-2282-450D-AF69-47135441EA9F}.AppStore|iPhoneSimulator.Build.0 = Release|Any CPU
		{DDDD6ED5-2282-450D-AF69-47135441EA9F}.AppStore|iPhoneSimulator.Deploy.0 = Release|Any CPU
		{DDDD6ED5-2282-450D-AF69-47135441EA9F}.AppStore|x64.ActiveCfg = Release|Any CPU
		{DDDD6ED5-2282-450D-AF69-47135441EA9F}.AppStore|x64.Build.0 = Release|Any CPU
		{DDDD6ED5-2282-450D-AF69-47135441EA9F}.AppStore|x64.Deploy.0 = Release|Any CPU
		{DDDD6ED5-2282-450D-AF69-47135441EA9F}.AppStore|x86.ActiveCfg = Release|Any CPU
		{DDDD6ED5-2282-450D-AF69-47135441EA9F}.AppStore|x86.Build.0 = Release|Any CPU
		{DDDD6ED5-2282-450D-AF69-47135441EA9F}.AppStore|x86.Deploy.0 = Release|Any CPU
		{DDDD6ED5-2282-450D-AF69-47135441EA9F}.Debug|Any CPU.ActiveCfg = Debug|Any CPU
		{DDDD6ED5-2282-450D-AF69-47135441EA9F}.Debug|Any CPU.Build.0 = Debug|Any CPU
		{DDDD6ED5-2282-450D-AF69-47135441EA9F}.Debug|Any CPU.Deploy.0 = Debug|Any CPU
		{DDDD6ED5-2282-450D-AF69-47135441EA9F}.Debug|ARM.ActiveCfg = Debug|Any CPU
		{DDDD6ED5-2282-450D-AF69-47135441EA9F}.Debug|ARM.Build.0 = Debug|Any CPU
		{DDDD6ED5-2282-450D-AF69-47135441EA9F}.Debug|ARM.Deploy.0 = Debug|Any CPU
		{DDDD6ED5-2282-450D-AF69-47135441EA9F}.Debug|iPhone.ActiveCfg = Debug|Any CPU
		{DDDD6ED5-2282-450D-AF69-47135441EA9F}.Debug|iPhone.Build.0 = Debug|Any CPU
		{DDDD6ED5-2282-450D-AF69-47135441EA9F}.Debug|iPhone.Deploy.0 = Debug|Any CPU
		{DDDD6ED5-2282-450D-AF69-47135441EA9F}.Debug|iPhoneSimulator.ActiveCfg = Debug|Any CPU
		{DDDD6ED5-2282-450D-AF69-47135441EA9F}.Debug|iPhoneSimulator.Build.0 = Debug|Any CPU
		{DDDD6ED5-2282-450D-AF69-47135441EA9F}.Debug|iPhoneSimulator.Deploy.0 = Debug|Any CPU
		{DDDD6ED5-2282-450D-AF69-47135441EA9F}.Debug|x64.ActiveCfg = Debug|Any CPU
		{DDDD6ED5-2282-450D-AF69-47135441EA9F}.Debug|x64.Build.0 = Debug|Any CPU
		{DDDD6ED5-2282-450D-AF69-47135441EA9F}.Debug|x64.Deploy.0 = Debug|Any CPU
		{DDDD6ED5-2282-450D-AF69-47135441EA9F}.Debug|x86.ActiveCfg = Debug|Any CPU
		{DDDD6ED5-2282-450D-AF69-47135441EA9F}.Debug|x86.Build.0 = Debug|Any CPU
		{DDDD6ED5-2282-450D-AF69-47135441EA9F}.Debug|x86.Deploy.0 = Debug|Any CPU
		{DDDD6ED5-2282-450D-AF69-47135441EA9F}.Release|Any CPU.ActiveCfg = Release|Any CPU
		{DDDD6ED5-2282-450D-AF69-47135441EA9F}.Release|Any CPU.Build.0 = Release|Any CPU
		{DDDD6ED5-2282-450D-AF69-47135441EA9F}.Release|Any CPU.Deploy.0 = Release|Any CPU
		{DDDD6ED5-2282-450D-AF69-47135441EA9F}.Release|ARM.ActiveCfg = Release|Any CPU
		{DDDD6ED5-2282-450D-AF69-47135441EA9F}.Release|ARM.Build.0 = Release|Any CPU
		{DDDD6ED5-2282-450D-AF69-47135441EA9F}.Release|ARM.Deploy.0 = Release|Any CPU
		{DDDD6ED5-2282-450D-AF69-47135441EA9F}.Release|iPhone.ActiveCfg = Release|Any CPU
		{DDDD6ED5-2282-450D-AF69-47135441EA9F}.Release|iPhone.Build.0 = Release|Any CPU
		{DDDD6ED5-2282-450D-AF69-47135441EA9F}.Release|iPhone.Deploy.0 = Release|Any CPU
		{DDDD6ED5-2282-450D-AF69-47135441EA9F}.Release|iPhoneSimulator.ActiveCfg = Release|Any CPU
		{DDDD6ED5-2282-450D-AF69-47135441EA9F}.Release|iPhoneSimulator.Build.0 = Release|Any CPU
		{DDDD6ED5-2282-450D-AF69-47135441EA9F}.Release|iPhoneSimulator.Deploy.0 = Release|Any CPU
		{DDDD6ED5-2282-450D-AF69-47135441EA9F}.Release|x64.ActiveCfg = Release|Any CPU
		{DDDD6ED5-2282-450D-AF69-47135441EA9F}.Release|x64.Build.0 = Release|Any CPU
		{DDDD6ED5-2282-450D-AF69-47135441EA9F}.Release|x64.Deploy.0 = Release|Any CPU
		{DDDD6ED5-2282-450D-AF69-47135441EA9F}.Release|x86.ActiveCfg = Release|Any CPU
		{DDDD6ED5-2282-450D-AF69-47135441EA9F}.Release|x86.Build.0 = Release|Any CPU
		{DDDD6ED5-2282-450D-AF69-47135441EA9F}.Release|x86.Deploy.0 = Release|Any CPU
		{8FEEED6A-E7F1-457D-A97C-45626F7A52BB}.Ad-Hoc|Any CPU.ActiveCfg = Release|Any CPU
		{8FEEED6A-E7F1-457D-A97C-45626F7A52BB}.Ad-Hoc|Any CPU.Build.0 = Release|Any CPU
		{8FEEED6A-E7F1-457D-A97C-45626F7A52BB}.Ad-Hoc|ARM.ActiveCfg = Release|Any CPU
		{8FEEED6A-E7F1-457D-A97C-45626F7A52BB}.Ad-Hoc|ARM.Build.0 = Release|Any CPU
		{8FEEED6A-E7F1-457D-A97C-45626F7A52BB}.Ad-Hoc|iPhone.ActiveCfg = Release|Any CPU
		{8FEEED6A-E7F1-457D-A97C-45626F7A52BB}.Ad-Hoc|iPhone.Build.0 = Release|Any CPU
		{8FEEED6A-E7F1-457D-A97C-45626F7A52BB}.Ad-Hoc|iPhoneSimulator.ActiveCfg = Release|Any CPU
		{8FEEED6A-E7F1-457D-A97C-45626F7A52BB}.Ad-Hoc|iPhoneSimulator.Build.0 = Release|Any CPU
		{8FEEED6A-E7F1-457D-A97C-45626F7A52BB}.Ad-Hoc|x64.ActiveCfg = Release|Any CPU
		{8FEEED6A-E7F1-457D-A97C-45626F7A52BB}.Ad-Hoc|x64.Build.0 = Release|Any CPU
		{8FEEED6A-E7F1-457D-A97C-45626F7A52BB}.Ad-Hoc|x86.ActiveCfg = Release|Any CPU
		{8FEEED6A-E7F1-457D-A97C-45626F7A52BB}.Ad-Hoc|x86.Build.0 = Release|Any CPU
		{8FEEED6A-E7F1-457D-A97C-45626F7A52BB}.AppStore|Any CPU.ActiveCfg = Release|Any CPU
		{8FEEED6A-E7F1-457D-A97C-45626F7A52BB}.AppStore|Any CPU.Build.0 = Release|Any CPU
		{8FEEED6A-E7F1-457D-A97C-45626F7A52BB}.AppStore|ARM.ActiveCfg = Release|Any CPU
		{8FEEED6A-E7F1-457D-A97C-45626F7A52BB}.AppStore|ARM.Build.0 = Release|Any CPU
		{8FEEED6A-E7F1-457D-A97C-45626F7A52BB}.AppStore|iPhone.ActiveCfg = Release|Any CPU
		{8FEEED6A-E7F1-457D-A97C-45626F7A52BB}.AppStore|iPhone.Build.0 = Release|Any CPU
		{8FEEED6A-E7F1-457D-A97C-45626F7A52BB}.AppStore|iPhoneSimulator.ActiveCfg = Release|Any CPU
		{8FEEED6A-E7F1-457D-A97C-45626F7A52BB}.AppStore|iPhoneSimulator.Build.0 = Release|Any CPU
		{8FEEED6A-E7F1-457D-A97C-45626F7A52BB}.AppStore|x64.ActiveCfg = Release|Any CPU
		{8FEEED6A-E7F1-457D-A97C-45626F7A52BB}.AppStore|x64.Build.0 = Release|Any CPU
		{8FEEED6A-E7F1-457D-A97C-45626F7A52BB}.AppStore|x86.ActiveCfg = Release|Any CPU
		{8FEEED6A-E7F1-457D-A97C-45626F7A52BB}.AppStore|x86.Build.0 = Release|Any CPU
		{8FEEED6A-E7F1-457D-A97C-45626F7A52BB}.Debug|Any CPU.ActiveCfg = Debug|Any CPU
		{8FEEED6A-E7F1-457D-A97C-45626F7A52BB}.Debug|Any CPU.Build.0 = Debug|Any CPU
		{8FEEED6A-E7F1-457D-A97C-45626F7A52BB}.Debug|ARM.ActiveCfg = Debug|Any CPU
		{8FEEED6A-E7F1-457D-A97C-45626F7A52BB}.Debug|ARM.Build.0 = Debug|Any CPU
		{8FEEED6A-E7F1-457D-A97C-45626F7A52BB}.Debug|iPhone.ActiveCfg = Debug|Any CPU
		{8FEEED6A-E7F1-457D-A97C-45626F7A52BB}.Debug|iPhone.Build.0 = Debug|Any CPU
		{8FEEED6A-E7F1-457D-A97C-45626F7A52BB}.Debug|iPhoneSimulator.ActiveCfg = Debug|Any CPU
		{8FEEED6A-E7F1-457D-A97C-45626F7A52BB}.Debug|iPhoneSimulator.Build.0 = Debug|Any CPU
		{8FEEED6A-E7F1-457D-A97C-45626F7A52BB}.Debug|x64.ActiveCfg = Debug|Any CPU
		{8FEEED6A-E7F1-457D-A97C-45626F7A52BB}.Debug|x64.Build.0 = Debug|Any CPU
		{8FEEED6A-E7F1-457D-A97C-45626F7A52BB}.Debug|x86.ActiveCfg = Debug|Any CPU
		{8FEEED6A-E7F1-457D-A97C-45626F7A52BB}.Debug|x86.Build.0 = Debug|Any CPU
		{8FEEED6A-E7F1-457D-A97C-45626F7A52BB}.Release|Any CPU.ActiveCfg = Release|Any CPU
		{8FEEED6A-E7F1-457D-A97C-45626F7A52BB}.Release|Any CPU.Build.0 = Release|Any CPU
		{8FEEED6A-E7F1-457D-A97C-45626F7A52BB}.Release|ARM.ActiveCfg = Release|Any CPU
		{8FEEED6A-E7F1-457D-A97C-45626F7A52BB}.Release|ARM.Build.0 = Release|Any CPU
		{8FEEED6A-E7F1-457D-A97C-45626F7A52BB}.Release|iPhone.ActiveCfg = Release|Any CPU
		{8FEEED6A-E7F1-457D-A97C-45626F7A52BB}.Release|iPhone.Build.0 = Release|Any CPU
		{8FEEED6A-E7F1-457D-A97C-45626F7A52BB}.Release|iPhoneSimulator.ActiveCfg = Release|Any CPU
		{8FEEED6A-E7F1-457D-A97C-45626F7A52BB}.Release|iPhoneSimulator.Build.0 = Release|Any CPU
		{8FEEED6A-E7F1-457D-A97C-45626F7A52BB}.Release|x64.ActiveCfg = Release|Any CPU
		{8FEEED6A-E7F1-457D-A97C-45626F7A52BB}.Release|x64.Build.0 = Release|Any CPU
		{8FEEED6A-E7F1-457D-A97C-45626F7A52BB}.Release|x86.ActiveCfg = Release|Any CPU
		{8FEEED6A-E7F1-457D-A97C-45626F7A52BB}.Release|x86.Build.0 = Release|Any CPU
		{EBFF1BC5-EE05-48EA-B559-B72D37E0C85E}.Ad-Hoc|Any CPU.ActiveCfg = Release|x86
		{EBFF1BC5-EE05-48EA-B559-B72D37E0C85E}.Ad-Hoc|Any CPU.Build.0 = Release|x86
		{EBFF1BC5-EE05-48EA-B559-B72D37E0C85E}.Ad-Hoc|Any CPU.Deploy.0 = Release|x86
		{EBFF1BC5-EE05-48EA-B559-B72D37E0C85E}.Ad-Hoc|ARM.ActiveCfg = Release|ARM
		{EBFF1BC5-EE05-48EA-B559-B72D37E0C85E}.Ad-Hoc|ARM.Build.0 = Release|ARM
		{EBFF1BC5-EE05-48EA-B559-B72D37E0C85E}.Ad-Hoc|ARM.Deploy.0 = Release|ARM
		{EBFF1BC5-EE05-48EA-B559-B72D37E0C85E}.Ad-Hoc|iPhone.ActiveCfg = Release|x86
		{EBFF1BC5-EE05-48EA-B559-B72D37E0C85E}.Ad-Hoc|iPhone.Build.0 = Release|x86
		{EBFF1BC5-EE05-48EA-B559-B72D37E0C85E}.Ad-Hoc|iPhone.Deploy.0 = Release|x86
		{EBFF1BC5-EE05-48EA-B559-B72D37E0C85E}.Ad-Hoc|iPhoneSimulator.ActiveCfg = Release|x86
		{EBFF1BC5-EE05-48EA-B559-B72D37E0C85E}.Ad-Hoc|iPhoneSimulator.Build.0 = Release|x86
		{EBFF1BC5-EE05-48EA-B559-B72D37E0C85E}.Ad-Hoc|iPhoneSimulator.Deploy.0 = Release|x86
		{EBFF1BC5-EE05-48EA-B559-B72D37E0C85E}.Ad-Hoc|x64.ActiveCfg = Release|x64
		{EBFF1BC5-EE05-48EA-B559-B72D37E0C85E}.Ad-Hoc|x64.Build.0 = Release|x64
		{EBFF1BC5-EE05-48EA-B559-B72D37E0C85E}.Ad-Hoc|x64.Deploy.0 = Release|x64
		{EBFF1BC5-EE05-48EA-B559-B72D37E0C85E}.Ad-Hoc|x86.ActiveCfg = Release|x86
		{EBFF1BC5-EE05-48EA-B559-B72D37E0C85E}.Ad-Hoc|x86.Build.0 = Release|x86
		{EBFF1BC5-EE05-48EA-B559-B72D37E0C85E}.Ad-Hoc|x86.Deploy.0 = Release|x86
		{EBFF1BC5-EE05-48EA-B559-B72D37E0C85E}.AppStore|Any CPU.ActiveCfg = Release|x86
		{EBFF1BC5-EE05-48EA-B559-B72D37E0C85E}.AppStore|Any CPU.Build.0 = Release|x86
		{EBFF1BC5-EE05-48EA-B559-B72D37E0C85E}.AppStore|Any CPU.Deploy.0 = Release|x86
		{EBFF1BC5-EE05-48EA-B559-B72D37E0C85E}.AppStore|ARM.ActiveCfg = Release|ARM
		{EBFF1BC5-EE05-48EA-B559-B72D37E0C85E}.AppStore|ARM.Build.0 = Release|ARM
		{EBFF1BC5-EE05-48EA-B559-B72D37E0C85E}.AppStore|ARM.Deploy.0 = Release|ARM
		{EBFF1BC5-EE05-48EA-B559-B72D37E0C85E}.AppStore|iPhone.ActiveCfg = Release|x86
		{EBFF1BC5-EE05-48EA-B559-B72D37E0C85E}.AppStore|iPhone.Build.0 = Release|x86
		{EBFF1BC5-EE05-48EA-B559-B72D37E0C85E}.AppStore|iPhone.Deploy.0 = Release|x86
		{EBFF1BC5-EE05-48EA-B559-B72D37E0C85E}.AppStore|iPhoneSimulator.ActiveCfg = Release|x86
		{EBFF1BC5-EE05-48EA-B559-B72D37E0C85E}.AppStore|iPhoneSimulator.Build.0 = Release|x86
		{EBFF1BC5-EE05-48EA-B559-B72D37E0C85E}.AppStore|iPhoneSimulator.Deploy.0 = Release|x86
		{EBFF1BC5-EE05-48EA-B559-B72D37E0C85E}.AppStore|x64.ActiveCfg = Release|x64
		{EBFF1BC5-EE05-48EA-B559-B72D37E0C85E}.AppStore|x64.Build.0 = Release|x64
		{EBFF1BC5-EE05-48EA-B559-B72D37E0C85E}.AppStore|x64.Deploy.0 = Release|x64
		{EBFF1BC5-EE05-48EA-B559-B72D37E0C85E}.AppStore|x86.ActiveCfg = Release|x86
		{EBFF1BC5-EE05-48EA-B559-B72D37E0C85E}.AppStore|x86.Build.0 = Release|x86
		{EBFF1BC5-EE05-48EA-B559-B72D37E0C85E}.AppStore|x86.Deploy.0 = Release|x86
		{EBFF1BC5-EE05-48EA-B559-B72D37E0C85E}.Debug|Any CPU.ActiveCfg = Debug|x86
		{EBFF1BC5-EE05-48EA-B559-B72D37E0C85E}.Debug|Any CPU.Build.0 = Debug|x86
		{EBFF1BC5-EE05-48EA-B559-B72D37E0C85E}.Debug|Any CPU.Deploy.0 = Debug|x86
		{EBFF1BC5-EE05-48EA-B559-B72D37E0C85E}.Debug|ARM.ActiveCfg = Debug|ARM
		{EBFF1BC5-EE05-48EA-B559-B72D37E0C85E}.Debug|ARM.Build.0 = Debug|ARM
		{EBFF1BC5-EE05-48EA-B559-B72D37E0C85E}.Debug|ARM.Deploy.0 = Debug|ARM
		{EBFF1BC5-EE05-48EA-B559-B72D37E0C85E}.Debug|iPhone.ActiveCfg = Debug|x86
		{EBFF1BC5-EE05-48EA-B559-B72D37E0C85E}.Debug|iPhoneSimulator.ActiveCfg = Debug|x86
		{EBFF1BC5-EE05-48EA-B559-B72D37E0C85E}.Debug|x64.ActiveCfg = Debug|x64
		{EBFF1BC5-EE05-48EA-B559-B72D37E0C85E}.Debug|x64.Build.0 = Debug|x64
		{EBFF1BC5-EE05-48EA-B559-B72D37E0C85E}.Debug|x64.Deploy.0 = Debug|x64
		{EBFF1BC5-EE05-48EA-B559-B72D37E0C85E}.Debug|x86.ActiveCfg = Debug|x86
		{EBFF1BC5-EE05-48EA-B559-B72D37E0C85E}.Debug|x86.Build.0 = Debug|x86
		{EBFF1BC5-EE05-48EA-B559-B72D37E0C85E}.Debug|x86.Deploy.0 = Debug|x86
		{EBFF1BC5-EE05-48EA-B559-B72D37E0C85E}.Release|Any CPU.ActiveCfg = Release|x86
		{EBFF1BC5-EE05-48EA-B559-B72D37E0C85E}.Release|ARM.ActiveCfg = Release|ARM
		{EBFF1BC5-EE05-48EA-B559-B72D37E0C85E}.Release|ARM.Build.0 = Release|ARM
		{EBFF1BC5-EE05-48EA-B559-B72D37E0C85E}.Release|ARM.Deploy.0 = Release|ARM
		{EBFF1BC5-EE05-48EA-B559-B72D37E0C85E}.Release|iPhone.ActiveCfg = Release|x86
		{EBFF1BC5-EE05-48EA-B559-B72D37E0C85E}.Release|iPhoneSimulator.ActiveCfg = Release|x86
		{EBFF1BC5-EE05-48EA-B559-B72D37E0C85E}.Release|x64.ActiveCfg = Release|x64
		{EBFF1BC5-EE05-48EA-B559-B72D37E0C85E}.Release|x64.Build.0 = Release|x64
		{EBFF1BC5-EE05-48EA-B559-B72D37E0C85E}.Release|x64.Deploy.0 = Release|x64
		{EBFF1BC5-EE05-48EA-B559-B72D37E0C85E}.Release|x86.ActiveCfg = Release|x86
		{EBFF1BC5-EE05-48EA-B559-B72D37E0C85E}.Release|x86.Build.0 = Release|x86
		{EBFF1BC5-EE05-48EA-B559-B72D37E0C85E}.Release|x86.Deploy.0 = Release|x86
		{0B929DB7-FB0C-4A53-989A-9E7480B70188}.Ad-Hoc|Any CPU.ActiveCfg = Ad-Hoc|iPhone
		{0B929DB7-FB0C-4A53-989A-9E7480B70188}.Ad-Hoc|ARM.ActiveCfg = Ad-Hoc|iPhone
		{0B929DB7-FB0C-4A53-989A-9E7480B70188}.Ad-Hoc|iPhone.ActiveCfg = Ad-Hoc|iPhone
		{0B929DB7-FB0C-4A53-989A-9E7480B70188}.Ad-Hoc|iPhone.Build.0 = Ad-Hoc|iPhone
		{0B929DB7-FB0C-4A53-989A-9E7480B70188}.Ad-Hoc|iPhoneSimulator.ActiveCfg = Ad-Hoc|iPhoneSimulator
		{0B929DB7-FB0C-4A53-989A-9E7480B70188}.Ad-Hoc|iPhoneSimulator.Build.0 = Ad-Hoc|iPhoneSimulator
		{0B929DB7-FB0C-4A53-989A-9E7480B70188}.Ad-Hoc|x64.ActiveCfg = Ad-Hoc|iPhone
		{0B929DB7-FB0C-4A53-989A-9E7480B70188}.Ad-Hoc|x86.ActiveCfg = Ad-Hoc|iPhone
		{0B929DB7-FB0C-4A53-989A-9E7480B70188}.AppStore|Any CPU.ActiveCfg = AppStore|iPhone
		{0B929DB7-FB0C-4A53-989A-9E7480B70188}.AppStore|ARM.ActiveCfg = AppStore|iPhone
		{0B929DB7-FB0C-4A53-989A-9E7480B70188}.AppStore|iPhone.ActiveCfg = AppStore|iPhone
		{0B929DB7-FB0C-4A53-989A-9E7480B70188}.AppStore|iPhone.Build.0 = AppStore|iPhone
		{0B929DB7-FB0C-4A53-989A-9E7480B70188}.AppStore|iPhoneSimulator.ActiveCfg = AppStore|iPhoneSimulator
		{0B929DB7-FB0C-4A53-989A-9E7480B70188}.AppStore|iPhoneSimulator.Build.0 = AppStore|iPhoneSimulator
		{0B929DB7-FB0C-4A53-989A-9E7480B70188}.AppStore|x64.ActiveCfg = AppStore|iPhone
		{0B929DB7-FB0C-4A53-989A-9E7480B70188}.AppStore|x86.ActiveCfg = AppStore|iPhone
		{0B929DB7-FB0C-4A53-989A-9E7480B70188}.Debug|Any CPU.ActiveCfg = Debug|iPhone
		{0B929DB7-FB0C-4A53-989A-9E7480B70188}.Debug|ARM.ActiveCfg = Debug|iPhone
		{0B929DB7-FB0C-4A53-989A-9E7480B70188}.Debug|iPhone.ActiveCfg = Debug|iPhone
		{0B929DB7-FB0C-4A53-989A-9E7480B70188}.Debug|iPhone.Build.0 = Debug|iPhone
		{0B929DB7-FB0C-4A53-989A-9E7480B70188}.Debug|iPhoneSimulator.ActiveCfg = Debug|iPhoneSimulator
		{0B929DB7-FB0C-4A53-989A-9E7480B70188}.Debug|iPhoneSimulator.Build.0 = Debug|iPhoneSimulator
		{0B929DB7-FB0C-4A53-989A-9E7480B70188}.Debug|x64.ActiveCfg = Debug|iPhone
		{0B929DB7-FB0C-4A53-989A-9E7480B70188}.Debug|x86.ActiveCfg = Debug|iPhone
		{0B929DB7-FB0C-4A53-989A-9E7480B70188}.Release|Any CPU.ActiveCfg = Release|iPhone
		{0B929DB7-FB0C-4A53-989A-9E7480B70188}.Release|ARM.ActiveCfg = Release|iPhone
		{0B929DB7-FB0C-4A53-989A-9E7480B70188}.Release|iPhone.ActiveCfg = Release|iPhone
		{0B929DB7-FB0C-4A53-989A-9E7480B70188}.Release|iPhone.Build.0 = Release|iPhone
		{0B929DB7-FB0C-4A53-989A-9E7480B70188}.Release|iPhoneSimulator.ActiveCfg = Release|iPhoneSimulator
		{0B929DB7-FB0C-4A53-989A-9E7480B70188}.Release|iPhoneSimulator.Build.0 = Release|iPhoneSimulator
		{0B929DB7-FB0C-4A53-989A-9E7480B70188}.Release|x64.ActiveCfg = Release|iPhone
		{0B929DB7-FB0C-4A53-989A-9E7480B70188}.Release|x86.ActiveCfg = Release|iPhone
		{67F9D3A8-F71E-4428-913F-C37AE82CDB24}.Ad-Hoc|Any CPU.ActiveCfg = Release|Any CPU
		{67F9D3A8-F71E-4428-913F-C37AE82CDB24}.Ad-Hoc|Any CPU.Build.0 = Release|Any CPU
		{67F9D3A8-F71E-4428-913F-C37AE82CDB24}.Ad-Hoc|ARM.ActiveCfg = Release|Any CPU
		{67F9D3A8-F71E-4428-913F-C37AE82CDB24}.Ad-Hoc|ARM.Build.0 = Release|Any CPU
		{67F9D3A8-F71E-4428-913F-C37AE82CDB24}.Ad-Hoc|iPhone.ActiveCfg = Release|Any CPU
		{67F9D3A8-F71E-4428-913F-C37AE82CDB24}.Ad-Hoc|iPhone.Build.0 = Release|Any CPU
		{67F9D3A8-F71E-4428-913F-C37AE82CDB24}.Ad-Hoc|iPhoneSimulator.ActiveCfg = Release|Any CPU
		{67F9D3A8-F71E-4428-913F-C37AE82CDB24}.Ad-Hoc|iPhoneSimulator.Build.0 = Release|Any CPU
		{67F9D3A8-F71E-4428-913F-C37AE82CDB24}.Ad-Hoc|x64.ActiveCfg = Release|Any CPU
		{67F9D3A8-F71E-4428-913F-C37AE82CDB24}.Ad-Hoc|x64.Build.0 = Release|Any CPU
		{67F9D3A8-F71E-4428-913F-C37AE82CDB24}.Ad-Hoc|x86.ActiveCfg = Release|Any CPU
		{67F9D3A8-F71E-4428-913F-C37AE82CDB24}.Ad-Hoc|x86.Build.0 = Release|Any CPU
		{67F9D3A8-F71E-4428-913F-C37AE82CDB24}.AppStore|Any CPU.ActiveCfg = Release|Any CPU
		{67F9D3A8-F71E-4428-913F-C37AE82CDB24}.AppStore|Any CPU.Build.0 = Release|Any CPU
		{67F9D3A8-F71E-4428-913F-C37AE82CDB24}.AppStore|ARM.ActiveCfg = Release|Any CPU
		{67F9D3A8-F71E-4428-913F-C37AE82CDB24}.AppStore|ARM.Build.0 = Release|Any CPU
		{67F9D3A8-F71E-4428-913F-C37AE82CDB24}.AppStore|iPhone.ActiveCfg = Release|Any CPU
		{67F9D3A8-F71E-4428-913F-C37AE82CDB24}.AppStore|iPhone.Build.0 = Release|Any CPU
		{67F9D3A8-F71E-4428-913F-C37AE82CDB24}.AppStore|iPhoneSimulator.ActiveCfg = Release|Any CPU
		{67F9D3A8-F71E-4428-913F-C37AE82CDB24}.AppStore|iPhoneSimulator.Build.0 = Release|Any CPU
		{67F9D3A8-F71E-4428-913F-C37AE82CDB24}.AppStore|x64.ActiveCfg = Release|Any CPU
		{67F9D3A8-F71E-4428-913F-C37AE82CDB24}.AppStore|x64.Build.0 = Release|Any CPU
		{67F9D3A8-F71E-4428-913F-C37AE82CDB24}.AppStore|x86.ActiveCfg = Release|Any CPU
		{67F9D3A8-F71E-4428-913F-C37AE82CDB24}.AppStore|x86.Build.0 = Release|Any CPU
		{67F9D3A8-F71E-4428-913F-C37AE82CDB24}.Debug|Any CPU.ActiveCfg = Debug|Any CPU
		{67F9D3A8-F71E-4428-913F-C37AE82CDB24}.Debug|Any CPU.Build.0 = Debug|Any CPU
		{67F9D3A8-F71E-4428-913F-C37AE82CDB24}.Debug|ARM.ActiveCfg = Debug|Any CPU
		{67F9D3A8-F71E-4428-913F-C37AE82CDB24}.Debug|ARM.Build.0 = Debug|Any CPU
		{67F9D3A8-F71E-4428-913F-C37AE82CDB24}.Debug|iPhone.ActiveCfg = Debug|Any CPU
		{67F9D3A8-F71E-4428-913F-C37AE82CDB24}.Debug|iPhone.Build.0 = Debug|Any CPU
		{67F9D3A8-F71E-4428-913F-C37AE82CDB24}.Debug|iPhoneSimulator.ActiveCfg = Debug|Any CPU
		{67F9D3A8-F71E-4428-913F-C37AE82CDB24}.Debug|iPhoneSimulator.Build.0 = Debug|Any CPU
		{67F9D3A8-F71E-4428-913F-C37AE82CDB24}.Debug|x64.ActiveCfg = Debug|Any CPU
		{67F9D3A8-F71E-4428-913F-C37AE82CDB24}.Debug|x64.Build.0 = Debug|Any CPU
		{67F9D3A8-F71E-4428-913F-C37AE82CDB24}.Debug|x86.ActiveCfg = Debug|Any CPU
		{67F9D3A8-F71E-4428-913F-C37AE82CDB24}.Debug|x86.Build.0 = Debug|Any CPU
		{67F9D3A8-F71E-4428-913F-C37AE82CDB24}.Release|Any CPU.ActiveCfg = Release|Any CPU
		{67F9D3A8-F71E-4428-913F-C37AE82CDB24}.Release|Any CPU.Build.0 = Release|Any CPU
		{67F9D3A8-F71E-4428-913F-C37AE82CDB24}.Release|ARM.ActiveCfg = Release|Any CPU
		{67F9D3A8-F71E-4428-913F-C37AE82CDB24}.Release|ARM.Build.0 = Release|Any CPU
		{67F9D3A8-F71E-4428-913F-C37AE82CDB24}.Release|iPhone.ActiveCfg = Release|Any CPU
		{67F9D3A8-F71E-4428-913F-C37AE82CDB24}.Release|iPhone.Build.0 = Release|Any CPU
		{67F9D3A8-F71E-4428-913F-C37AE82CDB24}.Release|iPhoneSimulator.ActiveCfg = Release|Any CPU
		{67F9D3A8-F71E-4428-913F-C37AE82CDB24}.Release|iPhoneSimulator.Build.0 = Release|Any CPU
		{67F9D3A8-F71E-4428-913F-C37AE82CDB24}.Release|x64.ActiveCfg = Release|Any CPU
		{67F9D3A8-F71E-4428-913F-C37AE82CDB24}.Release|x64.Build.0 = Release|Any CPU
		{67F9D3A8-F71E-4428-913F-C37AE82CDB24}.Release|x86.ActiveCfg = Release|Any CPU
		{67F9D3A8-F71E-4428-913F-C37AE82CDB24}.Release|x86.Build.0 = Release|Any CPU
	EndGlobalSection
	GlobalSection(SolutionProperties) = preSolution
		HideSolutionNode = FALSE
	EndGlobalSection
EndGlobal
