
Microsoft Visual Studio Solution File, Format Version 12.00
# Visual Studio 15
VisualStudioVersion = 15.0.26430.16
MinimumVisualStudioVersion = 10.0.40219.1
Project("{FAE04EC0-301F-11D3-BF4B-00C04F79EFBC}") = "SimpleDragSample.Android", "SimpleDragSample\SimpleDragSample.Android\SimpleDragSample.Android.csproj", "{ADD17A04-48BA-46DB-B8BD-3D234CF86CE0}"
EndProject
Project("{FAE04EC0-301F-11D3-BF4B-00C04F79EFBC}") = "SimpleDragSample", "SimpleDragSample\SimpleDragSample\SimpleDragSample.csproj", "{EC1081AC-2650-4CE1-87D8-9FE6879E484B}"
EndProject
Project("{FAE04EC0-301F-11D3-BF4B-00C04F79EFBC}") = "SimpleDragSample.UWP", "SimpleDragSample\SimpleDragSample.UWP\SimpleDragSample.UWP.csproj", "{4CABE03A-3663-4CC5-B65C-E93BEFC9B88B}"
EndProject
Project("{FAE04EC0-301F-11D3-BF4B-00C04F79EFBC}") = "SimpleDragSample.iOS", "SimpleDragSample\SimpleDragSample.iOS\SimpleDragSample.iOS.csproj", "{FB9E7492-E49C-43EC-AFEC-04B634E83BC6}"
EndProject
Global
	GlobalSection(SolutionConfigurationPlatforms) = preSolution
		Ad-Hoc|Any CPU = Ad-Hoc|Any CPU
		Ad-Hoc|ARM = Ad-Hoc|ARM
		Ad-Hoc|iPhone = Ad-Hoc|iPhone
		Ad-Hoc|iPhoneSimulator = Ad-Hoc|iPhoneSimulator
		Ad-Hoc|x64 = Ad-Hoc|x64
		Ad-Hoc|x86 = Ad-Hoc|x86
		AppStore|Any CPU = AppStore|Any CPU
		AppStore|ARM = AppStore|ARM
		AppStore|iPhone = AppStore|iPhone
		AppStore|iPhoneSimulator = AppStore|iPhoneSimulator
		AppStore|x64 = AppStore|x64
		AppStore|x86 = AppStore|x86
		Debug|Any CPU = Debug|Any CPU
		Debug|ARM = Debug|ARM
		Debug|iPhone = Debug|iPhone
		Debug|iPhoneSimulator = Debug|iPhoneSimulator
		Debug|x64 = Debug|x64
		Debug|x86 = Debug|x86
		Release|Any CPU = Release|Any CPU
		Release|ARM = Release|ARM
		Release|iPhone = Release|iPhone
		Release|iPhoneSimulator = Release|iPhoneSimulator
		Release|x64 = Release|x64
		Release|x86 = Release|x86
	EndGlobalSection
	GlobalSection(ProjectConfigurationPlatforms) = postSolution
		{ADD17A04-48BA-46DB-B8BD-3D234CF86CE0}.Ad-Hoc|Any CPU.ActiveCfg = Release|Any CPU
		{ADD17A04-48BA-46DB-B8BD-3D234CF86CE0}.Ad-Hoc|Any CPU.Build.0 = Release|Any CPU
		{ADD17A04-48BA-46DB-B8BD-3D234CF86CE0}.Ad-Hoc|Any CPU.Deploy.0 = Release|Any CPU
		{ADD17A04-48BA-46DB-B8BD-3D234CF86CE0}.Ad-Hoc|ARM.ActiveCfg = Release|Any CPU
		{ADD17A04-48BA-46DB-B8BD-3D234CF86CE0}.Ad-Hoc|ARM.Build.0 = Release|Any CPU
		{ADD17A04-48BA-46DB-B8BD-3D234CF86CE0}.Ad-Hoc|ARM.Deploy.0 = Release|Any CPU
		{ADD17A04-48BA-46DB-B8BD-3D234CF86CE0}.Ad-Hoc|iPhone.ActiveCfg = Release|Any CPU
		{ADD17A04-48BA-46DB-B8BD-3D234CF86CE0}.Ad-Hoc|iPhone.Build.0 = Release|Any CPU
		{ADD17A04-48BA-46DB-B8BD-3D234CF86CE0}.Ad-Hoc|iPhone.Deploy.0 = Release|Any CPU
		{ADD17A04-48BA-46DB-B8BD-3D234CF86CE0}.Ad-Hoc|iPhoneSimulator.ActiveCfg = Release|Any CPU
		{ADD17A04-48BA-46DB-B8BD-3D234CF86CE0}.Ad-Hoc|iPhoneSimulator.Build.0 = Release|Any CPU
		{ADD17A04-48BA-46DB-B8BD-3D234CF86CE0}.Ad-Hoc|iPhoneSimulator.Deploy.0 = Release|Any CPU
		{ADD17A04-48BA-46DB-B8BD-3D234CF86CE0}.Ad-Hoc|x64.ActiveCfg = Release|Any CPU
		{ADD17A04-48BA-46DB-B8BD-3D234CF86CE0}.Ad-Hoc|x64.Build.0 = Release|Any CPU
		{ADD17A04-48BA-46DB-B8BD-3D234CF86CE0}.Ad-Hoc|x64.Deploy.0 = Release|Any CPU
		{ADD17A04-48BA-46DB-B8BD-3D234CF86CE0}.Ad-Hoc|x86.ActiveCfg = Release|Any CPU
		{ADD17A04-48BA-46DB-B8BD-3D234CF86CE0}.Ad-Hoc|x86.Build.0 = Release|Any CPU
		{ADD17A04-48BA-46DB-B8BD-3D234CF86CE0}.Ad-Hoc|x86.Deploy.0 = Release|Any CPU
		{ADD17A04-48BA-46DB-B8BD-3D234CF86CE0}.AppStore|Any CPU.ActiveCfg = Release|Any CPU
		{ADD17A04-48BA-46DB-B8BD-3D234CF86CE0}.AppStore|Any CPU.Build.0 = Release|Any CPU
		{ADD17A04-48BA-46DB-B8BD-3D234CF86CE0}.AppStore|Any CPU.Deploy.0 = Release|Any CPU
		{ADD17A04-48BA-46DB-B8BD-3D234CF86CE0}.AppStore|ARM.ActiveCfg = Release|Any CPU
		{ADD17A04-48BA-46DB-B8BD-3D234CF86CE0}.AppStore|ARM.Build.0 = Release|Any CPU
		{ADD17A04-48BA-46DB-B8BD-3D234CF86CE0}.AppStore|ARM.Deploy.0 = Release|Any CPU
		{ADD17A04-48BA-46DB-B8BD-3D234CF86CE0}.AppStore|iPhone.ActiveCfg = Release|Any CPU
		{ADD17A04-48BA-46DB-B8BD-3D234CF86CE0}.AppStore|iPhone.Build.0 = Release|Any CPU
		{ADD17A04-48BA-46DB-B8BD-3D234CF86CE0}.AppStore|iPhone.Deploy.0 = Release|Any CPU
		{ADD17A04-48BA-46DB-B8BD-3D234CF86CE0}.AppStore|iPhoneSimulator.ActiveCfg = Release|Any CPU
		{ADD17A04-48BA-46DB-B8BD-3D234CF86CE0}.AppStore|iPhoneSimulator.Build.0 = Release|Any CPU
		{ADD17A04-48BA-46DB-B8BD-3D234CF86CE0}.AppStore|iPhoneSimulator.Deploy.0 = Release|Any CPU
		{ADD17A04-48BA-46DB-B8BD-3D234CF86CE0}.AppStore|x64.ActiveCfg = Release|Any CPU
		{ADD17A04-48BA-46DB-B8BD-3D234CF86CE0}.AppStore|x64.Build.0 = Release|Any CPU
		{ADD17A04-48BA-46DB-B8BD-3D234CF86CE0}.AppStore|x64.Deploy.0 = Release|Any CPU
		{ADD17A04-48BA-46DB-B8BD-3D234CF86CE0}.AppStore|x86.ActiveCfg = Release|Any CPU
		{ADD17A04-48BA-46DB-B8BD-3D234CF86CE0}.AppStore|x86.Build.0 = Release|Any CPU
		{ADD17A04-48BA-46DB-B8BD-3D234CF86CE0}.AppStore|x86.Deploy.0 = Release|Any CPU
		{ADD17A04-48BA-46DB-B8BD-3D234CF86CE0}.Debug|Any CPU.ActiveCfg = Debug|Any CPU
		{ADD17A04-48BA-46DB-B8BD-3D234CF86CE0}.Debug|Any CPU.Build.0 = Debug|Any CPU
		{ADD17A04-48BA-46DB-B8BD-3D234CF86CE0}.Debug|Any CPU.Deploy.0 = Debug|Any CPU
		{ADD17A04-48BA-46DB-B8BD-3D234CF86CE0}.Debug|ARM.ActiveCfg = Debug|Any CPU
		{ADD17A04-48BA-46DB-B8BD-3D234CF86CE0}.Debug|ARM.Build.0 = Debug|Any CPU
		{ADD17A04-48BA-46DB-B8BD-3D234CF86CE0}.Debug|ARM.Deploy.0 = Debug|Any CPU
		{ADD17A04-48BA-46DB-B8BD-3D234CF86CE0}.Debug|iPhone.ActiveCfg = Debug|Any CPU
		{ADD17A04-48BA-46DB-B8BD-3D234CF86CE0}.Debug|iPhone.Build.0 = Debug|Any CPU
		{ADD17A04-48BA-46DB-B8BD-3D234CF86CE0}.Debug|iPhone.Deploy.0 = Debug|Any CPU
		{ADD17A04-48BA-46DB-B8BD-3D234CF86CE0}.Debug|iPhoneSimulator.ActiveCfg = Debug|Any CPU
		{ADD17A04-48BA-46DB-B8BD-3D234CF86CE0}.Debug|iPhoneSimulator.Build.0 = Debug|Any CPU
		{ADD17A04-48BA-46DB-B8BD-3D234CF86CE0}.Debug|iPhoneSimulator.Deploy.0 = Debug|Any CPU
		{ADD17A04-48BA-46DB-B8BD-3D234CF86CE0}.Debug|x64.ActiveCfg = Debug|Any CPU
		{ADD17A04-48BA-46DB-B8BD-3D234CF86CE0}.Debug|x64.Build.0 = Debug|Any CPU
		{ADD17A04-48BA-46DB-B8BD-3D234CF86CE0}.Debug|x64.Deploy.0 = Debug|Any CPU
		{ADD17A04-48BA-46DB-B8BD-3D234CF86CE0}.Debug|x86.ActiveCfg = Debug|Any CPU
		{ADD17A04-48BA-46DB-B8BD-3D234CF86CE0}.Debug|x86.Build.0 = Debug|Any CPU
		{ADD17A04-48BA-46DB-B8BD-3D234CF86CE0}.Debug|x86.Deploy.0 = Debug|Any CPU
		{ADD17A04-48BA-46DB-B8BD-3D234CF86CE0}.Release|Any CPU.ActiveCfg = Release|Any CPU
		{ADD17A04-48BA-46DB-B8BD-3D234CF86CE0}.Release|Any CPU.Build.0 = Release|Any CPU
		{ADD17A04-48BA-46DB-B8BD-3D234CF86CE0}.Release|Any CPU.Deploy.0 = Release|Any CPU
		{ADD17A04-48BA-46DB-B8BD-3D234CF86CE0}.Release|ARM.ActiveCfg = Release|Any CPU
		{ADD17A04-48BA-46DB-B8BD-3D234CF86CE0}.Release|ARM.Build.0 = Release|Any CPU
		{ADD17A04-48BA-46DB-B8BD-3D234CF86CE0}.Release|ARM.Deploy.0 = Release|Any CPU
		{ADD17A04-48BA-46DB-B8BD-3D234CF86CE0}.Release|iPhone.ActiveCfg = Release|Any CPU
		{ADD17A04-48BA-46DB-B8BD-3D234CF86CE0}.Release|iPhone.Build.0 = Release|Any CPU
		{ADD17A04-48BA-46DB-B8BD-3D234CF86CE0}.Release|iPhone.Deploy.0 = Release|Any CPU
		{ADD17A04-48BA-46DB-B8BD-3D234CF86CE0}.Release|iPhoneSimulator.ActiveCfg = Release|Any CPU
		{ADD17A04-48BA-46DB-B8BD-3D234CF86CE0}.Release|iPhoneSimulator.Build.0 = Release|Any CPU
		{ADD17A04-48BA-46DB-B8BD-3D234CF86CE0}.Release|iPhoneSimulator.Deploy.0 = Release|Any CPU
		{ADD17A04-48BA-46DB-B8BD-3D234CF86CE0}.Release|x64.ActiveCfg = Release|Any CPU
		{ADD17A04-48BA-46DB-B8BD-3D234CF86CE0}.Release|x64.Build.0 = Release|Any CPU
		{ADD17A04-48BA-46DB-B8BD-3D234CF86CE0}.Release|x64.Deploy.0 = Release|Any CPU
		{ADD17A04-48BA-46DB-B8BD-3D234CF86CE0}.Release|x86.ActiveCfg = Release|Any CPU
		{ADD17A04-48BA-46DB-B8BD-3D234CF86CE0}.Release|x86.Build.0 = Release|Any CPU
		{ADD17A04-48BA-46DB-B8BD-3D234CF86CE0}.Release|x86.Deploy.0 = Release|Any CPU
		{EC1081AC-2650-4CE1-87D8-9FE6879E484B}.Ad-Hoc|Any CPU.ActiveCfg = Release|Any CPU
		{EC1081AC-2650-4CE1-87D8-9FE6879E484B}.Ad-Hoc|Any CPU.Build.0 = Release|Any CPU
		{EC1081AC-2650-4CE1-87D8-9FE6879E484B}.Ad-Hoc|ARM.ActiveCfg = Release|Any CPU
		{EC1081AC-2650-4CE1-87D8-9FE6879E484B}.Ad-Hoc|ARM.Build.0 = Release|Any CPU
		{EC1081AC-2650-4CE1-87D8-9FE6879E484B}.Ad-Hoc|iPhone.ActiveCfg = Release|Any CPU
		{EC1081AC-2650-4CE1-87D8-9FE6879E484B}.Ad-Hoc|iPhone.Build.0 = Release|Any CPU
		{EC1081AC-2650-4CE1-87D8-9FE6879E484B}.Ad-Hoc|iPhoneSimulator.ActiveCfg = Release|Any CPU
		{EC1081AC-2650-4CE1-87D8-9FE6879E484B}.Ad-Hoc|iPhoneSimulator.Build.0 = Release|Any CPU
		{EC1081AC-2650-4CE1-87D8-9FE6879E484B}.Ad-Hoc|x64.ActiveCfg = Release|Any CPU
		{EC1081AC-2650-4CE1-87D8-9FE6879E484B}.Ad-Hoc|x64.Build.0 = Release|Any CPU
		{EC1081AC-2650-4CE1-87D8-9FE6879E484B}.Ad-Hoc|x86.ActiveCfg = Release|Any CPU
		{EC1081AC-2650-4CE1-87D8-9FE6879E484B}.Ad-Hoc|x86.Build.0 = Release|Any CPU
		{EC1081AC-2650-4CE1-87D8-9FE6879E484B}.AppStore|Any CPU.ActiveCfg = Release|Any CPU
		{EC1081AC-2650-4CE1-87D8-9FE6879E484B}.AppStore|Any CPU.Build.0 = Release|Any CPU
		{EC1081AC-2650-4CE1-87D8-9FE6879E484B}.AppStore|ARM.ActiveCfg = Release|Any CPU
		{EC1081AC-2650-4CE1-87D8-9FE6879E484B}.AppStore|ARM.Build.0 = Release|Any CPU
		{EC1081AC-2650-4CE1-87D8-9FE6879E484B}.AppStore|iPhone.ActiveCfg = Release|Any CPU
		{EC1081AC-2650-4CE1-87D8-9FE6879E484B}.AppStore|iPhone.Build.0 = Release|Any CPU
		{EC1081AC-2650-4CE1-87D8-9FE6879E484B}.AppStore|iPhoneSimulator.ActiveCfg = Release|Any CPU
		{EC1081AC-2650-4CE1-87D8-9FE6879E484B}.AppStore|iPhoneSimulator.Build.0 = Release|Any CPU
		{EC1081AC-2650-4CE1-87D8-9FE6879E484B}.AppStore|x64.ActiveCfg = Release|Any CPU
		{EC1081AC-2650-4CE1-87D8-9FE6879E484B}.AppStore|x64.Build.0 = Release|Any CPU
		{EC1081AC-2650-4CE1-87D8-9FE6879E484B}.AppStore|x86.ActiveCfg = Release|Any CPU
		{EC1081AC-2650-4CE1-87D8-9FE6879E484B}.AppStore|x86.Build.0 = Release|Any CPU
		{EC1081AC-2650-4CE1-87D8-9FE6879E484B}.Debug|Any CPU.ActiveCfg = Debug|Any CPU
		{EC1081AC-2650-4CE1-87D8-9FE6879E484B}.Debug|Any CPU.Build.0 = Debug|Any CPU
		{EC1081AC-2650-4CE1-87D8-9FE6879E484B}.Debug|ARM.ActiveCfg = Debug|Any CPU
		{EC1081AC-2650-4CE1-87D8-9FE6879E484B}.Debug|ARM.Build.0 = Debug|Any CPU
		{EC1081AC-2650-4CE1-87D8-9FE6879E484B}.Debug|iPhone.ActiveCfg = Debug|Any CPU
		{EC1081AC-2650-4CE1-87D8-9FE6879E484B}.Debug|iPhone.Build.0 = Debug|Any CPU
		{EC1081AC-2650-4CE1-87D8-9FE6879E484B}.Debug|iPhoneSimulator.ActiveCfg = Debug|Any CPU
		{EC1081AC-2650-4CE1-87D8-9FE6879E484B}.Debug|iPhoneSimulator.Build.0 = Debug|Any CPU
		{EC1081AC-2650-4CE1-87D8-9FE6879E484B}.Debug|x64.ActiveCfg = Debug|Any CPU
		{EC1081AC-2650-4CE1-87D8-9FE6879E484B}.Debug|x64.Build.0 = Debug|Any CPU
		{EC1081AC-2650-4CE1-87D8-9FE6879E484B}.Debug|x86.ActiveCfg = Debug|Any CPU
		{EC1081AC-2650-4CE1-87D8-9FE6879E484B}.Debug|x86.Build.0 = Debug|Any CPU
		{EC1081AC-2650-4CE1-87D8-9FE6879E484B}.Release|Any CPU.ActiveCfg = Release|Any CPU
		{EC1081AC-2650-4CE1-87D8-9FE6879E484B}.Release|Any CPU.Build.0 = Release|Any CPU
		{EC1081AC-2650-4CE1-87D8-9FE6879E484B}.Release|ARM.ActiveCfg = Release|Any CPU
		{EC1081AC-2650-4CE1-87D8-9FE6879E484B}.Release|ARM.Build.0 = Release|Any CPU
		{EC1081AC-2650-4CE1-87D8-9FE6879E484B}.Release|iPhone.ActiveCfg = Release|Any CPU
		{EC1081AC-2650-4CE1-87D8-9FE6879E484B}.Release|iPhone.Build.0 = Release|Any CPU
		{EC1081AC-2650-4CE1-87D8-9FE6879E484B}.Release|iPhoneSimulator.ActiveCfg = Release|Any CPU
		{EC1081AC-2650-4CE1-87D8-9FE6879E484B}.Release|iPhoneSimulator.Build.0 = Release|Any CPU
		{EC1081AC-2650-4CE1-87D8-9FE6879E484B}.Release|x64.ActiveCfg = Release|Any CPU
		{EC1081AC-2650-4CE1-87D8-9FE6879E484B}.Release|x64.Build.0 = Release|Any CPU
		{EC1081AC-2650-4CE1-87D8-9FE6879E484B}.Release|x86.ActiveCfg = Release|Any CPU
		{EC1081AC-2650-4CE1-87D8-9FE6879E484B}.Release|x86.Build.0 = Release|Any CPU
		{4CABE03A-3663-4CC5-B65C-E93BEFC9B88B}.Ad-Hoc|Any CPU.ActiveCfg = Release|x86
		{4CABE03A-3663-4CC5-B65C-E93BEFC9B88B}.Ad-Hoc|Any CPU.Build.0 = Release|x86
		{4CABE03A-3663-4CC5-B65C-E93BEFC9B88B}.Ad-Hoc|Any CPU.Deploy.0 = Release|x86
		{4CABE03A-3663-4CC5-B65C-E93BEFC9B88B}.Ad-Hoc|ARM.ActiveCfg = Release|ARM
		{4CABE03A-3663-4CC5-B65C-E93BEFC9B88B}.Ad-Hoc|ARM.Build.0 = Release|ARM
		{4CABE03A-3663-4CC5-B65C-E93BEFC9B88B}.Ad-Hoc|ARM.Deploy.0 = Release|ARM
		{4CABE03A-3663-4CC5-B65C-E93BEFC9B88B}.Ad-Hoc|iPhone.ActiveCfg = Release|x86
		{4CABE03A-3663-4CC5-B65C-E93BEFC9B88B}.Ad-Hoc|iPhone.Build.0 = Release|x86
		{4CABE03A-3663-4CC5-B65C-E93BEFC9B88B}.Ad-Hoc|iPhone.Deploy.0 = Release|x86
		{4CABE03A-3663-4CC5-B65C-E93BEFC9B88B}.Ad-Hoc|iPhoneSimulator.ActiveCfg = Release|x86
		{4CABE03A-3663-4CC5-B65C-E93BEFC9B88B}.Ad-Hoc|iPhoneSimulator.Build.0 = Release|x86
		{4CABE03A-3663-4CC5-B65C-E93BEFC9B88B}.Ad-Hoc|iPhoneSimulator.Deploy.0 = Release|x86
		{4CABE03A-3663-4CC5-B65C-E93BEFC9B88B}.Ad-Hoc|x64.ActiveCfg = Release|x64
		{4CABE03A-3663-4CC5-B65C-E93BEFC9B88B}.Ad-Hoc|x64.Build.0 = Release|x64
		{4CABE03A-3663-4CC5-B65C-E93BEFC9B88B}.Ad-Hoc|x64.Deploy.0 = Release|x64
		{4CABE03A-3663-4CC5-B65C-E93BEFC9B88B}.Ad-Hoc|x86.ActiveCfg = Release|x86
		{4CABE03A-3663-4CC5-B65C-E93BEFC9B88B}.Ad-Hoc|x86.Build.0 = Release|x86
		{4CABE03A-3663-4CC5-B65C-E93BEFC9B88B}.Ad-Hoc|x86.Deploy.0 = Release|x86
		{4CABE03A-3663-4CC5-B65C-E93BEFC9B88B}.AppStore|Any CPU.ActiveCfg = Release|x86
		{4CABE03A-3663-4CC5-B65C-E93BEFC9B88B}.AppStore|Any CPU.Build.0 = Release|x86
		{4CABE03A-3663-4CC5-B65C-E93BEFC9B88B}.AppStore|Any CPU.Deploy.0 = Release|x86
		{4CABE03A-3663-4CC5-B65C-E93BEFC9B88B}.AppStore|ARM.ActiveCfg = Release|ARM
		{4CABE03A-3663-4CC5-B65C-E93BEFC9B88B}.AppStore|ARM.Build.0 = Release|ARM
		{4CABE03A-3663-4CC5-B65C-E93BEFC9B88B}.AppStore|ARM.Deploy.0 = Release|ARM
		{4CABE03A-3663-4CC5-B65C-E93BEFC9B88B}.AppStore|iPhone.ActiveCfg = Release|x86
		{4CABE03A-3663-4CC5-B65C-E93BEFC9B88B}.AppStore|iPhone.Build.0 = Release|x86
		{4CABE03A-3663-4CC5-B65C-E93BEFC9B88B}.AppStore|iPhone.Deploy.0 = Release|x86
		{4CABE03A-3663-4CC5-B65C-E93BEFC9B88B}.AppStore|iPhoneSimulator.ActiveCfg = Release|x86
		{4CABE03A-3663-4CC5-B65C-E93BEFC9B88B}.AppStore|iPhoneSimulator.Build.0 = Release|x86
		{4CABE03A-3663-4CC5-B65C-E93BEFC9B88B}.AppStore|iPhoneSimulator.Deploy.0 = Release|x86
		{4CABE03A-3663-4CC5-B65C-E93BEFC9B88B}.AppStore|x64.ActiveCfg = Release|x64
		{4CABE03A-3663-4CC5-B65C-E93BEFC9B88B}.AppStore|x64.Build.0 = Release|x64
		{4CABE03A-3663-4CC5-B65C-E93BEFC9B88B}.AppStore|x64.Deploy.0 = Release|x64
		{4CABE03A-3663-4CC5-B65C-E93BEFC9B88B}.AppStore|x86.ActiveCfg = Release|x86
		{4CABE03A-3663-4CC5-B65C-E93BEFC9B88B}.AppStore|x86.Build.0 = Release|x86
		{4CABE03A-3663-4CC5-B65C-E93BEFC9B88B}.AppStore|x86.Deploy.0 = Release|x86
		{4CABE03A-3663-4CC5-B65C-E93BEFC9B88B}.Debug|Any CPU.ActiveCfg = Debug|x86
		{4CABE03A-3663-4CC5-B65C-E93BEFC9B88B}.Debug|Any CPU.Build.0 = Debug|x86
		{4CABE03A-3663-4CC5-B65C-E93BEFC9B88B}.Debug|Any CPU.Deploy.0 = Debug|x86
		{4CABE03A-3663-4CC5-B65C-E93BEFC9B88B}.Debug|ARM.ActiveCfg = Debug|ARM
		{4CABE03A-3663-4CC5-B65C-E93BEFC9B88B}.Debug|ARM.Build.0 = Debug|ARM
		{4CABE03A-3663-4CC5-B65C-E93BEFC9B88B}.Debug|ARM.Deploy.0 = Debug|ARM
		{4CABE03A-3663-4CC5-B65C-E93BEFC9B88B}.Debug|iPhone.ActiveCfg = Debug|x86
		{4CABE03A-3663-4CC5-B65C-E93BEFC9B88B}.Debug|iPhoneSimulator.ActiveCfg = Debug|x86
		{4CABE03A-3663-4CC5-B65C-E93BEFC9B88B}.Debug|x64.ActiveCfg = Debug|x64
		{4CABE03A-3663-4CC5-B65C-E93BEFC9B88B}.Debug|x64.Build.0 = Debug|x64
		{4CABE03A-3663-4CC5-B65C-E93BEFC9B88B}.Debug|x64.Deploy.0 = Debug|x64
		{4CABE03A-3663-4CC5-B65C-E93BEFC9B88B}.Debug|x86.ActiveCfg = Debug|x86
		{4CABE03A-3663-4CC5-B65C-E93BEFC9B88B}.Debug|x86.Build.0 = Debug|x86
		{4CABE03A-3663-4CC5-B65C-E93BEFC9B88B}.Debug|x86.Deploy.0 = Debug|x86
		{4CABE03A-3663-4CC5-B65C-E93BEFC9B88B}.Release|Any CPU.ActiveCfg = Release|x86
		{4CABE03A-3663-4CC5-B65C-E93BEFC9B88B}.Release|ARM.ActiveCfg = Release|ARM
		{4CABE03A-3663-4CC5-B65C-E93BEFC9B88B}.Release|ARM.Build.0 = Release|ARM
		{4CABE03A-3663-4CC5-B65C-E93BEFC9B88B}.Release|ARM.Deploy.0 = Release|ARM
		{4CABE03A-3663-4CC5-B65C-E93BEFC9B88B}.Release|iPhone.ActiveCfg = Release|x86
		{4CABE03A-3663-4CC5-B65C-E93BEFC9B88B}.Release|iPhoneSimulator.ActiveCfg = Release|x86
		{4CABE03A-3663-4CC5-B65C-E93BEFC9B88B}.Release|x64.ActiveCfg = Release|x64
		{4CABE03A-3663-4CC5-B65C-E93BEFC9B88B}.Release|x64.Build.0 = Release|x64
		{4CABE03A-3663-4CC5-B65C-E93BEFC9B88B}.Release|x64.Deploy.0 = Release|x64
		{4CABE03A-3663-4CC5-B65C-E93BEFC9B88B}.Release|x86.ActiveCfg = Release|x86
		{4CABE03A-3663-4CC5-B65C-E93BEFC9B88B}.Release|x86.Build.0 = Release|x86
		{4CABE03A-3663-4CC5-B65C-E93BEFC9B88B}.Release|x86.Deploy.0 = Release|x86
		{FB9E7492-E49C-43EC-AFEC-04B634E83BC6}.Ad-Hoc|Any CPU.ActiveCfg = Ad-Hoc|iPhone
		{FB9E7492-E49C-43EC-AFEC-04B634E83BC6}.Ad-Hoc|ARM.ActiveCfg = Ad-Hoc|iPhone
		{FB9E7492-E49C-43EC-AFEC-04B634E83BC6}.Ad-Hoc|iPhone.ActiveCfg = Ad-Hoc|iPhone
		{FB9E7492-E49C-43EC-AFEC-04B634E83BC6}.Ad-Hoc|iPhone.Build.0 = Ad-Hoc|iPhone
		{FB9E7492-E49C-43EC-AFEC-04B634E83BC6}.Ad-Hoc|iPhoneSimulator.ActiveCfg = Ad-Hoc|iPhoneSimulator
		{FB9E7492-E49C-43EC-AFEC-04B634E83BC6}.Ad-Hoc|iPhoneSimulator.Build.0 = Ad-Hoc|iPhoneSimulator
		{FB9E7492-E49C-43EC-AFEC-04B634E83BC6}.Ad-Hoc|x64.ActiveCfg = Ad-Hoc|iPhone
		{FB9E7492-E49C-43EC-AFEC-04B634E83BC6}.Ad-Hoc|x86.ActiveCfg = Ad-Hoc|iPhone
		{FB9E7492-E49C-43EC-AFEC-04B634E83BC6}.AppStore|Any CPU.ActiveCfg = AppStore|iPhone
		{FB9E7492-E49C-43EC-AFEC-04B634E83BC6}.AppStore|ARM.ActiveCfg = AppStore|iPhone
		{FB9E7492-E49C-43EC-AFEC-04B634E83BC6}.AppStore|iPhone.ActiveCfg = AppStore|iPhone
		{FB9E7492-E49C-43EC-AFEC-04B634E83BC6}.AppStore|iPhone.Build.0 = AppStore|iPhone
		{FB9E7492-E49C-43EC-AFEC-04B634E83BC6}.AppStore|iPhoneSimulator.ActiveCfg = AppStore|iPhoneSimulator
		{FB9E7492-E49C-43EC-AFEC-04B634E83BC6}.AppStore|iPhoneSimulator.Build.0 = AppStore|iPhoneSimulator
		{FB9E7492-E49C-43EC-AFEC-04B634E83BC6}.AppStore|x64.ActiveCfg = AppStore|iPhone
		{FB9E7492-E49C-43EC-AFEC-04B634E83BC6}.AppStore|x86.ActiveCfg = AppStore|iPhone
		{FB9E7492-E49C-43EC-AFEC-04B634E83BC6}.Debug|Any CPU.ActiveCfg = Debug|iPhone
		{FB9E7492-E49C-43EC-AFEC-04B634E83BC6}.Debug|ARM.ActiveCfg = Debug|iPhone
		{FB9E7492-E49C-43EC-AFEC-04B634E83BC6}.Debug|iPhone.ActiveCfg = Debug|iPhone
		{FB9E7492-E49C-43EC-AFEC-04B634E83BC6}.Debug|iPhone.Build.0 = Debug|iPhone
		{FB9E7492-E49C-43EC-AFEC-04B634E83BC6}.Debug|iPhoneSimulator.ActiveCfg = Debug|iPhoneSimulator
		{FB9E7492-E49C-43EC-AFEC-04B634E83BC6}.Debug|iPhoneSimulator.Build.0 = Debug|iPhoneSimulator
		{FB9E7492-E49C-43EC-AFEC-04B634E83BC6}.Debug|x64.ActiveCfg = Debug|iPhone
		{FB9E7492-E49C-43EC-AFEC-04B634E83BC6}.Debug|x86.ActiveCfg = Debug|iPhone
		{FB9E7492-E49C-43EC-AFEC-04B634E83BC6}.Release|Any CPU.ActiveCfg = Release|iPhone
		{FB9E7492-E49C-43EC-AFEC-04B634E83BC6}.Release|ARM.ActiveCfg = Release|iPhone
		{FB9E7492-E49C-43EC-AFEC-04B634E83BC6}.Release|iPhone.ActiveCfg = Release|iPhone
		{FB9E7492-E49C-43EC-AFEC-04B634E83BC6}.Release|iPhone.Build.0 = Release|iPhone
		{FB9E7492-E49C-43EC-AFEC-04B634E83BC6}.Release|iPhoneSimulator.ActiveCfg = Release|iPhoneSimulator
		{FB9E7492-E49C-43EC-AFEC-04B634E83BC6}.Release|iPhoneSimulator.Build.0 = Release|iPhoneSimulator
		{FB9E7492-E49C-43EC-AFEC-04B634E83BC6}.Release|x64.ActiveCfg = Release|iPhone
		{FB9E7492-E49C-43EC-AFEC-04B634E83BC6}.Release|x86.ActiveCfg = Release|iPhone
	EndGlobalSection
	GlobalSection(SolutionProperties) = preSolution
		HideSolutionNode = FALSE
	EndGlobalSection
EndGlobal
